// !$*UTF8*$!
{
	archiveVersion = 1;
	classes = {
	};
	objectVersion = 48;
	objects = {

/* Begin PBXBuildFile section */
		0110605C1FF3375900649178 /* AppDelegate.m in Sources */ = {isa = PBXBuildFile; fileRef = 0110605B1FF3375900649178 /* AppDelegate.m */; };
		0110605F1FF3375900649178 /* ViewController.m in Sources */ = {isa = PBXBuildFile; fileRef = 0110605E1FF3375900649178 /* ViewController.m */; };
		011060621FF3375900649178 /* Main.storyboard in Resources */ = {isa = PBXBuildFile; fileRef = 011060601FF3375900649178 /* Main.storyboard */; };
		011060641FF3375900649178 /* Assets.xcassets in Resources */ = {isa = PBXBuildFile; fileRef = 011060631FF3375900649178 /* Assets.xcassets */; };
		011060671FF3375900649178 /* LaunchScreen.storyboard in Resources */ = {isa = PBXBuildFile; fileRef = 011060651FF3375900649178 /* LaunchScreen.storyboard */; };
		0110606A1FF3375900649178 /* main.m in Sources */ = {isa = PBXBuildFile; fileRef = 011060691FF3375900649178 /* main.m */; };
		011060741FF3375900649178 /* TraceStatisticsKitTests.m in Sources */ = {isa = PBXBuildFile; fileRef = 011060731FF3375900649178 /* TraceStatisticsKitTests.m */; };
		0110607F1FF3375900649178 /* TraceStatisticsKitUITests.m in Sources */ = {isa = PBXBuildFile; fileRef = 0110607E1FF3375900649178 /* TraceStatisticsKitUITests.m */; };
		011060A01FF3789C00649178 /* BNTraceStatistics.m in Sources */ = {isa = PBXBuildFile; fileRef = 0110609F1FF3789C00649178 /* BNTraceStatistics.m */; };
		011060A51FF3840F00649178 /* AppInfo.m in Sources */ = {isa = PBXBuildFile; fileRef = 011060A41FF3840F00649178 /* AppInfo.m */; };
		011060AE1FF39BEC00649178 /* EventInfo.m in Sources */ = {isa = PBXBuildFile; fileRef = 011060AD1FF39BEC00649178 /* EventInfo.m */; };
		011060B01FF47CEA00649178 /* ConfigureStatistics.plist in Resources */ = {isa = PBXBuildFile; fileRef = 011060AF1FF47CEA00649178 /* ConfigureStatistics.plist */; };
		011060B31FF47D5800649178 /* StatisticsCacheManager.m in Sources */ = {isa = PBXBuildFile; fileRef = 011060B21FF47D5800649178 /* StatisticsCacheManager.m */; };
		011060B61FF4C48700649178 /* StatisticsDataUpload.m in Sources */ = {isa = PBXBuildFile; fileRef = 011060B51FF4C48700649178 /* StatisticsDataUpload.m */; };
		011060B91FF6248900649178 /* ChunkUploadModel.m in Sources */ = {isa = PBXBuildFile; fileRef = 011060B81FF6248900649178 /* ChunkUploadModel.m */; };
		01122FC71FFC72DC0043796C /* FilterEvent.m in Sources */ = {isa = PBXBuildFile; fileRef = 01122FC61FFC72DC0043796C /* FilterEvent.m */; };
		01122FD41FFC7C910043796C /* UIApplication+Event.m in Sources */ = {isa = PBXBuildFile; fileRef = 01122FCE1FFC7C910043796C /* UIApplication+Event.m */; };
		01122FD51FFC7C910043796C /* UIViewController+VCStatistics.m in Sources */ = {isa = PBXBuildFile; fileRef = 01122FD01FFC7C910043796C /* UIViewController+VCStatistics.m */; };
		01122FD61FFC7C910043796C /* HookTool.m in Sources */ = {isa = PBXBuildFile; fileRef = 01122FD31FFC7C910043796C /* HookTool.m */; };
		01122FE01FFC7E790043796C /* WebTestViewController.m in Sources */ = {isa = PBXBuildFile; fileRef = 01122FDE1FFC7E790043796C /* WebTestViewController.m */; };
		01122FE11FFC7E790043796C /* WebTestViewController.xib in Resources */ = {isa = PBXBuildFile; fileRef = 01122FDF1FFC7E790043796C /* WebTestViewController.xib */; };
		01122FE41FFC7F150043796C /* UIWebView+webViewLoad.m in Sources */ = {isa = PBXBuildFile; fileRef = 01122FE31FFC7F150043796C /* UIWebView+webViewLoad.m */; };
		01122FE81FFCB8470043796C /* UINavigationController+hookBarItem.m in Sources */ = {isa = PBXBuildFile; fileRef = 01122FE71FFCB8470043796C /* UINavigationController+hookBarItem.m */; };
		01122FEB1FFCCCAB0043796C /* UIGestureRecognizer+GestureHook.m in Sources */ = {isa = PBXBuildFile; fileRef = 01122FEA1FFCCCAB0043796C /* UIGestureRecognizer+GestureHook.m */; };
		01122FF31FFCDDD90043796C /* EventModel.m in Sources */ = {isa = PBXBuildFile; fileRef = 01122FF21FFCDDD90043796C /* EventModel.m */; };
		01122FFB1FFCF50F0043796C /* PAirSandbox.m in Sources */ = {isa = PBXBuildFile; fileRef = 01122FF91FFCF50F0043796C /* PAirSandbox.m */; };
		011230021FFDB71A0043796C /* DeviceInfo.m in Sources */ = {isa = PBXBuildFile; fileRef = 011230011FFDB71A0043796C /* DeviceInfo.m */; };
		011230051FFDCAC20043796C /* UncaughtExceptionHandler.m in Sources */ = {isa = PBXBuildFile; fileRef = 011230041FFDCAC20043796C /* UncaughtExceptionHandler.m */; };
		011230081FFDCC750043796C /* CrashLog.m in Sources */ = {isa = PBXBuildFile; fileRef = 011230071FFDCC750043796C /* CrashLog.m */; };
		0112300A1FFE07530043796C /* StatisticsConfigure.json in Resources */ = {isa = PBXBuildFile; fileRef = 011230091FFE07530043796C /* StatisticsConfigure.json */; };
		0112300D1FFE11600043796C /* CustomClassHook.m in Sources */ = {isa = PBXBuildFile; fileRef = 0112300C1FFE11600043796C /* CustomClassHook.m */; };
		5B7AF5A8F40889C3817387FE /* Pods_TraceStatisticsKitTests.framework in Frameworks */ = {isa = PBXBuildFile; fileRef = 443A5827CB64F3268A00CC57 /* Pods_TraceStatisticsKitTests.framework */; };
		6575C502F77A7E0153688182 /* Pods_TraceStatisticsKitUITests.framework in Frameworks */ = {isa = PBXBuildFile; fileRef = BE14800B17D67BE74CA366C7 /* Pods_TraceStatisticsKitUITests.framework */; };
		6762990E7393F73198E210D0 /* Pods_TraceStatisticsKit.framework in Frameworks */ = {isa = PBXBuildFile; fileRef = 1780AF2C267A013D95356979 /* Pods_TraceStatisticsKit.framework */; };
/* End PBXBuildFile section */

/* Begin PBXContainerItemProxy section */
		011060701FF3375900649178 /* PBXContainerItemProxy */ = {
			isa = PBXContainerItemProxy;
			containerPortal = 0110604F1FF3375900649178 /* Project object */;
			proxyType = 1;
			remoteGlobalIDString = 011060561FF3375900649178;
			remoteInfo = TraceStatisticsKit;
		};
		0110607B1FF3375900649178 /* PBXContainerItemProxy */ = {
			isa = PBXContainerItemProxy;
			containerPortal = 0110604F1FF3375900649178 /* Project object */;
			proxyType = 1;
			remoteGlobalIDString = 011060561FF3375900649178;
			remoteInfo = TraceStatisticsKit;
		};
/* End PBXContainerItemProxy section */

/* Begin PBXFileReference section */
		011060571FF3375900649178 /* TraceStatisticsKit.app */ = {isa = PBXFileReference; explicitFileType = wrapper.application; includeInIndex = 0; path = TraceStatisticsKit.app; sourceTree = BUILT_PRODUCTS_DIR; };
		0110605A1FF3375900649178 /* AppDelegate.h */ = {isa = PBXFileReference; lastKnownFileType = sourcecode.c.h; path = AppDelegate.h; sourceTree = "<group>"; };
		0110605B1FF3375900649178 /* AppDelegate.m */ = {isa = PBXFileReference; lastKnownFileType = sourcecode.c.objc; path = AppDelegate.m; sourceTree = "<group>"; };
		0110605D1FF3375900649178 /* ViewController.h */ = {isa = PBXFileReference; lastKnownFileType = sourcecode.c.h; path = ViewController.h; sourceTree = "<group>"; };
		0110605E1FF3375900649178 /* ViewController.m */ = {isa = PBXFileReference; lastKnownFileType = sourcecode.c.objc; path = ViewController.m; sourceTree = "<group>"; };
		011060611FF3375900649178 /* Base */ = {isa = PBXFileReference; lastKnownFileType = file.storyboard; name = Base; path = Base.lproj/Main.storyboard; sourceTree = "<group>"; };
		011060631FF3375900649178 /* Assets.xcassets */ = {isa = PBXFileReference; lastKnownFileType = folder.assetcatalog; path = Assets.xcassets; sourceTree = "<group>"; };
		011060661FF3375900649178 /* Base */ = {isa = PBXFileReference; lastKnownFileType = file.storyboard; name = Base; path = Base.lproj/LaunchScreen.storyboard; sourceTree = "<group>"; };
		011060681FF3375900649178 /* Info.plist */ = {isa = PBXFileReference; lastKnownFileType = text.plist.xml; path = Info.plist; sourceTree = "<group>"; };
		011060691FF3375900649178 /* main.m */ = {isa = PBXFileReference; lastKnownFileType = sourcecode.c.objc; path = main.m; sourceTree = "<group>"; };
		0110606F1FF3375900649178 /* TraceStatisticsKitTests.xctest */ = {isa = PBXFileReference; explicitFileType = wrapper.cfbundle; includeInIndex = 0; path = TraceStatisticsKitTests.xctest; sourceTree = BUILT_PRODUCTS_DIR; };
		011060731FF3375900649178 /* TraceStatisticsKitTests.m */ = {isa = PBXFileReference; lastKnownFileType = sourcecode.c.objc; path = TraceStatisticsKitTests.m; sourceTree = "<group>"; };
		011060751FF3375900649178 /* Info.plist */ = {isa = PBXFileReference; lastKnownFileType = text.plist.xml; path = Info.plist; sourceTree = "<group>"; };
		0110607A1FF3375900649178 /* TraceStatisticsKitUITests.xctest */ = {isa = PBXFileReference; explicitFileType = wrapper.cfbundle; includeInIndex = 0; path = TraceStatisticsKitUITests.xctest; sourceTree = BUILT_PRODUCTS_DIR; };
		0110607E1FF3375900649178 /* TraceStatisticsKitUITests.m */ = {isa = PBXFileReference; lastKnownFileType = sourcecode.c.objc; path = TraceStatisticsKitUITests.m; sourceTree = "<group>"; };
		011060801FF3375900649178 /* Info.plist */ = {isa = PBXFileReference; lastKnownFileType = text.plist.xml; path = Info.plist; sourceTree = "<group>"; };
		0110609E1FF3789C00649178 /* BNTraceStatistics.h */ = {isa = PBXFileReference; lastKnownFileType = sourcecode.c.h; path = BNTraceStatistics.h; sourceTree = "<group>"; };
		0110609F1FF3789C00649178 /* BNTraceStatistics.m */ = {isa = PBXFileReference; lastKnownFileType = sourcecode.c.objc; path = BNTraceStatistics.m; sourceTree = "<group>"; };
		011060A11FF3839B00649178 /* iKYSerializationDefine.h */ = {isa = PBXFileReference; fileEncoding = 4; lastKnownFileType = sourcecode.c.h; path = iKYSerializationDefine.h; sourceTree = "<group>"; };
		011060A31FF3840F00649178 /* AppInfo.h */ = {isa = PBXFileReference; lastKnownFileType = sourcecode.c.h; path = AppInfo.h; sourceTree = "<group>"; };
		011060A41FF3840F00649178 /* AppInfo.m */ = {isa = PBXFileReference; lastKnownFileType = sourcecode.c.objc; path = AppInfo.m; sourceTree = "<group>"; };
		011060AC1FF39BEC00649178 /* EventInfo.h */ = {isa = PBXFileReference; lastKnownFileType = sourcecode.c.h; path = EventInfo.h; sourceTree = "<group>"; };
		011060AD1FF39BEC00649178 /* EventInfo.m */ = {isa = PBXFileReference; lastKnownFileType = sourcecode.c.objc; path = EventInfo.m; sourceTree = "<group>"; };
		011060AF1FF47CEA00649178 /* ConfigureStatistics.plist */ = {isa = PBXFileReference; lastKnownFileType = text.plist.xml; path = ConfigureStatistics.plist; sourceTree = "<group>"; };
		011060B11FF47D5800649178 /* StatisticsCacheManager.h */ = {isa = PBXFileReference; lastKnownFileType = sourcecode.c.h; path = StatisticsCacheManager.h; sourceTree = "<group>"; };
		011060B21FF47D5800649178 /* StatisticsCacheManager.m */ = {isa = PBXFileReference; lastKnownFileType = sourcecode.c.objc; path = StatisticsCacheManager.m; sourceTree = "<group>"; };
		011060B41FF4C48700649178 /* StatisticsDataUpload.h */ = {isa = PBXFileReference; lastKnownFileType = sourcecode.c.h; path = StatisticsDataUpload.h; sourceTree = "<group>"; };
		011060B51FF4C48700649178 /* StatisticsDataUpload.m */ = {isa = PBXFileReference; lastKnownFileType = sourcecode.c.objc; path = StatisticsDataUpload.m; sourceTree = "<group>"; };
		011060B71FF6248900649178 /* ChunkUploadModel.h */ = {isa = PBXFileReference; lastKnownFileType = sourcecode.c.h; path = ChunkUploadModel.h; sourceTree = "<group>"; };
		011060B81FF6248900649178 /* ChunkUploadModel.m */ = {isa = PBXFileReference; lastKnownFileType = sourcecode.c.objc; path = ChunkUploadModel.m; sourceTree = "<group>"; };
		01122FC51FFC72DC0043796C /* FilterEvent.h */ = {isa = PBXFileReference; lastKnownFileType = sourcecode.c.h; path = FilterEvent.h; sourceTree = "<group>"; };
		01122FC61FFC72DC0043796C /* FilterEvent.m */ = {isa = PBXFileReference; lastKnownFileType = sourcecode.c.objc; path = FilterEvent.m; sourceTree = "<group>"; };
		01122FCE1FFC7C910043796C /* UIApplication+Event.m */ = {isa = PBXFileReference; fileEncoding = 4; lastKnownFileType = sourcecode.c.objc; path = "UIApplication+Event.m"; sourceTree = "<group>"; };
		01122FCF1FFC7C910043796C /* HookTool.h */ = {isa = PBXFileReference; fileEncoding = 4; lastKnownFileType = sourcecode.c.h; path = HookTool.h; sourceTree = "<group>"; };
		01122FD01FFC7C910043796C /* UIViewController+VCStatistics.m */ = {isa = PBXFileReference; fileEncoding = 4; lastKnownFileType = sourcecode.c.objc; path = "UIViewController+VCStatistics.m"; sourceTree = "<group>"; };
		01122FD11FFC7C910043796C /* UIApplication+Event.h */ = {isa = PBXFileReference; fileEncoding = 4; lastKnownFileType = sourcecode.c.h; path = "UIApplication+Event.h"; sourceTree = "<group>"; };
		01122FD21FFC7C910043796C /* UIViewController+VCStatistics.h */ = {isa = PBXFileReference; fileEncoding = 4; lastKnownFileType = sourcecode.c.h; path = "UIViewController+VCStatistics.h"; sourceTree = "<group>"; };
		01122FD31FFC7C910043796C /* HookTool.m */ = {isa = PBXFileReference; fileEncoding = 4; lastKnownFileType = sourcecode.c.objc; path = HookTool.m; sourceTree = "<group>"; };
		01122FDD1FFC7E790043796C /* WebTestViewController.h */ = {isa = PBXFileReference; lastKnownFileType = sourcecode.c.h; path = WebTestViewController.h; sourceTree = "<group>"; };
		01122FDE1FFC7E790043796C /* WebTestViewController.m */ = {isa = PBXFileReference; lastKnownFileType = sourcecode.c.objc; path = WebTestViewController.m; sourceTree = "<group>"; };
		01122FDF1FFC7E790043796C /* WebTestViewController.xib */ = {isa = PBXFileReference; lastKnownFileType = file.xib; path = WebTestViewController.xib; sourceTree = "<group>"; };
		01122FE21FFC7F150043796C /* UIWebView+webViewLoad.h */ = {isa = PBXFileReference; lastKnownFileType = sourcecode.c.h; path = "UIWebView+webViewLoad.h"; sourceTree = "<group>"; };
		01122FE31FFC7F150043796C /* UIWebView+webViewLoad.m */ = {isa = PBXFileReference; lastKnownFileType = sourcecode.c.objc; path = "UIWebView+webViewLoad.m"; sourceTree = "<group>"; };
		01122FE61FFCB8470043796C /* UINavigationController+hookBarItem.h */ = {isa = PBXFileReference; lastKnownFileType = sourcecode.c.h; path = "UINavigationController+hookBarItem.h"; sourceTree = "<group>"; };
		01122FE71FFCB8470043796C /* UINavigationController+hookBarItem.m */ = {isa = PBXFileReference; lastKnownFileType = sourcecode.c.objc; path = "UINavigationController+hookBarItem.m"; sourceTree = "<group>"; };
		01122FE91FFCCCAB0043796C /* UIGestureRecognizer+GestureHook.h */ = {isa = PBXFileReference; lastKnownFileType = sourcecode.c.h; path = "UIGestureRecognizer+GestureHook.h"; sourceTree = "<group>"; };
		01122FEA1FFCCCAB0043796C /* UIGestureRecognizer+GestureHook.m */ = {isa = PBXFileReference; lastKnownFileType = sourcecode.c.objc; path = "UIGestureRecognizer+GestureHook.m"; sourceTree = "<group>"; };
		01122FF11FFCDDD90043796C /* EventModel.h */ = {isa = PBXFileReference; lastKnownFileType = sourcecode.c.h; path = EventModel.h; sourceTree = "<group>"; };
		01122FF21FFCDDD90043796C /* EventModel.m */ = {isa = PBXFileReference; lastKnownFileType = sourcecode.c.objc; path = EventModel.m; sourceTree = "<group>"; };
		01122FF91FFCF50F0043796C /* PAirSandbox.m */ = {isa = PBXFileReference; fileEncoding = 4; lastKnownFileType = sourcecode.c.objc; path = PAirSandbox.m; sourceTree = "<group>"; };
		01122FFA1FFCF50F0043796C /* PAirSandbox.h */ = {isa = PBXFileReference; fileEncoding = 4; lastKnownFileType = sourcecode.c.h; path = PAirSandbox.h; sourceTree = "<group>"; };
		011230001FFDB71A0043796C /* DeviceInfo.h */ = {isa = PBXFileReference; fileEncoding = 4; lastKnownFileType = sourcecode.c.h; path = DeviceInfo.h; sourceTree = "<group>"; };
		011230011FFDB71A0043796C /* DeviceInfo.m */ = {isa = PBXFileReference; fileEncoding = 4; lastKnownFileType = sourcecode.c.objc; path = DeviceInfo.m; sourceTree = "<group>"; };
		011230031FFDCAC20043796C /* UncaughtExceptionHandler.h */ = {isa = PBXFileReference; fileEncoding = 4; lastKnownFileType = sourcecode.c.h; path = UncaughtExceptionHandler.h; sourceTree = "<group>"; };
		011230041FFDCAC20043796C /* UncaughtExceptionHandler.m */ = {isa = PBXFileReference; fileEncoding = 4; lastKnownFileType = sourcecode.c.objc; path = UncaughtExceptionHandler.m; sourceTree = "<group>"; };
		011230061FFDCC750043796C /* CrashLog.h */ = {isa = PBXFileReference; lastKnownFileType = sourcecode.c.h; path = CrashLog.h; sourceTree = "<group>"; };
		011230071FFDCC750043796C /* CrashLog.m */ = {isa = PBXFileReference; lastKnownFileType = sourcecode.c.objc; path = CrashLog.m; sourceTree = "<group>"; };
		011230091FFE07530043796C /* StatisticsConfigure.json */ = {isa = PBXFileReference; lastKnownFileType = text.json; path = StatisticsConfigure.json; sourceTree = "<group>"; };
		0112300B1FFE11600043796C /* CustomClassHook.h */ = {isa = PBXFileReference; lastKnownFileType = sourcecode.c.h; path = CustomClassHook.h; sourceTree = "<group>"; };
		0112300C1FFE11600043796C /* CustomClassHook.m */ = {isa = PBXFileReference; lastKnownFileType = sourcecode.c.objc; path = CustomClassHook.m; sourceTree = "<group>"; };
		1780AF2C267A013D95356979 /* Pods_TraceStatisticsKit.framework */ = {isa = PBXFileReference; explicitFileType = wrapper.framework; includeInIndex = 0; path = Pods_TraceStatisticsKit.framework; sourceTree = BUILT_PRODUCTS_DIR; };
		2F8651B558FDFC0F4E5D1856 /* Pods-TraceStatisticsKit.release.xcconfig */ = {isa = PBXFileReference; includeInIndex = 1; lastKnownFileType = text.xcconfig; name = "Pods-TraceStatisticsKit.release.xcconfig"; path = "Pods/Target Support Files/Pods-TraceStatisticsKit/Pods-TraceStatisticsKit.release.xcconfig"; sourceTree = "<group>"; };
		3A0933FEAC3C8BBED07A11B3 /* Pods-TraceStatisticsKitTests.debug.xcconfig */ = {isa = PBXFileReference; includeInIndex = 1; lastKnownFileType = text.xcconfig; name = "Pods-TraceStatisticsKitTests.debug.xcconfig"; path = "Pods/Target Support Files/Pods-TraceStatisticsKitTests/Pods-TraceStatisticsKitTests.debug.xcconfig"; sourceTree = "<group>"; };
		443A5827CB64F3268A00CC57 /* Pods_TraceStatisticsKitTests.framework */ = {isa = PBXFileReference; explicitFileType = wrapper.framework; includeInIndex = 0; path = Pods_TraceStatisticsKitTests.framework; sourceTree = BUILT_PRODUCTS_DIR; };
		6F2C89A76D73302BD95E7E4E /* Pods-TraceStatisticsKit.debug.xcconfig */ = {isa = PBXFileReference; includeInIndex = 1; lastKnownFileType = text.xcconfig; name = "Pods-TraceStatisticsKit.debug.xcconfig"; path = "Pods/Target Support Files/Pods-TraceStatisticsKit/Pods-TraceStatisticsKit.debug.xcconfig"; sourceTree = "<group>"; };
		835C61E38DD4863DA841D44C /* Pods-TraceStatisticsKitTests.release.xcconfig */ = {isa = PBXFileReference; includeInIndex = 1; lastKnownFileType = text.xcconfig; name = "Pods-TraceStatisticsKitTests.release.xcconfig"; path = "Pods/Target Support Files/Pods-TraceStatisticsKitTests/Pods-TraceStatisticsKitTests.release.xcconfig"; sourceTree = "<group>"; };
		AF2FD1DAC538404D3F5E800C /* Pods-TraceStatisticsKitUITests.release.xcconfig */ = {isa = PBXFileReference; includeInIndex = 1; lastKnownFileType = text.xcconfig; name = "Pods-TraceStatisticsKitUITests.release.xcconfig"; path = "Pods/Target Support Files/Pods-TraceStatisticsKitUITests/Pods-TraceStatisticsKitUITests.release.xcconfig"; sourceTree = "<group>"; };
		BE14800B17D67BE74CA366C7 /* Pods_TraceStatisticsKitUITests.framework */ = {isa = PBXFileReference; explicitFileType = wrapper.framework; includeInIndex = 0; path = Pods_TraceStatisticsKitUITests.framework; sourceTree = BUILT_PRODUCTS_DIR; };
		DB6DC4C5C94549E273F54455 /* Pods-TraceStatisticsKitUITests.debug.xcconfig */ = {isa = PBXFileReference; includeInIndex = 1; lastKnownFileType = text.xcconfig; name = "Pods-TraceStatisticsKitUITests.debug.xcconfig"; path = "Pods/Target Support Files/Pods-TraceStatisticsKitUITests/Pods-TraceStatisticsKitUITests.debug.xcconfig"; sourceTree = "<group>"; };
/* End PBXFileReference section */

/* Begin PBXFrameworksBuildPhase section */
		011060541FF3375900649178 /* Frameworks */ = {
			isa = PBXFrameworksBuildPhase;
			buildActionMask = 2147483647;
			files = (
				6762990E7393F73198E210D0 /* Pods_TraceStatisticsKit.framework in Frameworks */,
			);
			runOnlyForDeploymentPostprocessing = 0;
		};
		0110606C1FF3375900649178 /* Frameworks */ = {
			isa = PBXFrameworksBuildPhase;
			buildActionMask = 2147483647;
			files = (
				5B7AF5A8F40889C3817387FE /* Pods_TraceStatisticsKitTests.framework in Frameworks */,
			);
			runOnlyForDeploymentPostprocessing = 0;
		};
		011060771FF3375900649178 /* Frameworks */ = {
			isa = PBXFrameworksBuildPhase;
			buildActionMask = 2147483647;
			files = (
				6575C502F77A7E0153688182 /* Pods_TraceStatisticsKitUITests.framework in Frameworks */,
			);
			runOnlyForDeploymentPostprocessing = 0;
		};
/* End PBXFrameworksBuildPhase section */

/* Begin PBXGroup section */
		0110604E1FF3375900649178 = {
			isa = PBXGroup;
			children = (
				011060591FF3375900649178 /* TraceStatisticsKit */,
				011060721FF3375900649178 /* TraceStatisticsKitTests */,
				0110607D1FF3375900649178 /* TraceStatisticsKitUITests */,
				011060581FF3375900649178 /* Products */,
				7B0361FF539670E0F21B3965 /* Pods */,
				63F3DD08A771169E128AC85E /* Frameworks */,
			);
			sourceTree = "<group>";
		};
		011060581FF3375900649178 /* Products */ = {
			isa = PBXGroup;
			children = (
				011060571FF3375900649178 /* TraceStatisticsKit.app */,
				0110606F1FF3375900649178 /* TraceStatisticsKitTests.xctest */,
				0110607A1FF3375900649178 /* TraceStatisticsKitUITests.xctest */,
			);
			name = Products;
			sourceTree = "<group>";
		};
		011060591FF3375900649178 /* TraceStatisticsKit */ = {
			isa = PBXGroup;
			children = (
				01122FF81FFCF50F0043796C /* AirSandbox */,
				0110608C1FF3375F00649178 /* StatisticsClass */,
				0110605A1FF3375900649178 /* AppDelegate.h */,
				0110605B1FF3375900649178 /* AppDelegate.m */,
				0110605D1FF3375900649178 /* ViewController.h */,
				0110605E1FF3375900649178 /* ViewController.m */,
				01122FDD1FFC7E790043796C /* WebTestViewController.h */,
				01122FDE1FFC7E790043796C /* WebTestViewController.m */,
				01122FDF1FFC7E790043796C /* WebTestViewController.xib */,
				011060601FF3375900649178 /* Main.storyboard */,
				011060631FF3375900649178 /* Assets.xcassets */,
				011060651FF3375900649178 /* LaunchScreen.storyboard */,
				011060681FF3375900649178 /* Info.plist */,
				011060691FF3375900649178 /* main.m */,
			);
			path = TraceStatisticsKit;
			sourceTree = "<group>";
		};
		011060721FF3375900649178 /* TraceStatisticsKitTests */ = {
			isa = PBXGroup;
			children = (
				011060731FF3375900649178 /* TraceStatisticsKitTests.m */,
				011060751FF3375900649178 /* Info.plist */,
			);
			path = TraceStatisticsKitTests;
			sourceTree = "<group>";
		};
		0110607D1FF3375900649178 /* TraceStatisticsKitUITests */ = {
			isa = PBXGroup;
			children = (
				0110607E1FF3375900649178 /* TraceStatisticsKitUITests.m */,
				011060801FF3375900649178 /* Info.plist */,
			);
			path = TraceStatisticsKitUITests;
			sourceTree = "<group>";
		};
		0110608C1FF3375F00649178 /* StatisticsClass */ = {
			isa = PBXGroup;
			children = (
				01122FFC1FFDB47C0043796C /* Utils */,
				01122FCD1FFC7C910043796C /* HookClass */,
				011060A21FF383BA00649178 /* DataModel */,
				011060A11FF3839B00649178 /* iKYSerializationDefine.h */,
				01122FC51FFC72DC0043796C /* FilterEvent.h */,
				01122FC61FFC72DC0043796C /* FilterEvent.m */,
				0110609E1FF3789C00649178 /* BNTraceStatistics.h */,
				0110609F1FF3789C00649178 /* BNTraceStatistics.m */,
				011060B11FF47D5800649178 /* StatisticsCacheManager.h */,
				011060B21FF47D5800649178 /* StatisticsCacheManager.m */,
				011060B41FF4C48700649178 /* StatisticsDataUpload.h */,
				011060B51FF4C48700649178 /* StatisticsDataUpload.m */,
				011060AF1FF47CEA00649178 /* ConfigureStatistics.plist */,
				011230091FFE07530043796C /* StatisticsConfigure.json */,
			);
			path = StatisticsClass;
			sourceTree = "<group>";
		};
		011060A21FF383BA00649178 /* DataModel */ = {
			isa = PBXGroup;
			children = (
				011060A31FF3840F00649178 /* AppInfo.h */,
				011060A41FF3840F00649178 /* AppInfo.m */,
				011060AC1FF39BEC00649178 /* EventInfo.h */,
				011060AD1FF39BEC00649178 /* EventInfo.m */,
				011060B71FF6248900649178 /* ChunkUploadModel.h */,
				011060B81FF6248900649178 /* ChunkUploadModel.m */,
				01122FF11FFCDDD90043796C /* EventModel.h */,
				01122FF21FFCDDD90043796C /* EventModel.m */,
				011230061FFDCC750043796C /* CrashLog.h */,
				011230071FFDCC750043796C /* CrashLog.m */,
			);
			path = DataModel;
			sourceTree = "<group>";
		};
		01122FCD1FFC7C910043796C /* HookClass */ = {
			isa = PBXGroup;
			children = (
				01122FCF1FFC7C910043796C /* HookTool.h */,
				01122FD31FFC7C910043796C /* HookTool.m */,
				01122FD11FFC7C910043796C /* UIApplication+Event.h */,
				01122FCE1FFC7C910043796C /* UIApplication+Event.m */,
				01122FD21FFC7C910043796C /* UIViewController+VCStatistics.h */,
				01122FD01FFC7C910043796C /* UIViewController+VCStatistics.m */,
				01122FE21FFC7F150043796C /* UIWebView+webViewLoad.h */,
				01122FE31FFC7F150043796C /* UIWebView+webViewLoad.m */,
				01122FE91FFCCCAB0043796C /* UIGestureRecognizer+GestureHook.h */,
				01122FEA1FFCCCAB0043796C /* UIGestureRecognizer+GestureHook.m */,
				01122FE61FFCB8470043796C /* UINavigationController+hookBarItem.h */,
				01122FE71FFCB8470043796C /* UINavigationController+hookBarItem.m */,
				0112300B1FFE11600043796C /* CustomClassHook.h */,
				0112300C1FFE11600043796C /* CustomClassHook.m */,
			);
			path = HookClass;
			sourceTree = "<group>";
		};
		01122FF81FFCF50F0043796C /* AirSandbox */ = {
			isa = PBXGroup;
			children = (
				01122FF91FFCF50F0043796C /* PAirSandbox.m */,
				01122FFA1FFCF50F0043796C /* PAirSandbox.h */,
			);
			path = AirSandbox;
			sourceTree = "<group>";
		};
		01122FFC1FFDB47C0043796C /* Utils */ = {
			isa = PBXGroup;
			children = (
				011230031FFDCAC20043796C /* UncaughtExceptionHandler.h */,
				011230041FFDCAC20043796C /* UncaughtExceptionHandler.m */,
				011230001FFDB71A0043796C /* DeviceInfo.h */,
				011230011FFDB71A0043796C /* DeviceInfo.m */,
			);
			path = Utils;
			sourceTree = "<group>";
		};
		63F3DD08A771169E128AC85E /* Frameworks */ = {
			isa = PBXGroup;
			children = (
				1780AF2C267A013D95356979 /* Pods_TraceStatisticsKit.framework */,
				443A5827CB64F3268A00CC57 /* Pods_TraceStatisticsKitTests.framework */,
				BE14800B17D67BE74CA366C7 /* Pods_TraceStatisticsKitUITests.framework */,
			);
			name = Frameworks;
			sourceTree = "<group>";
		};
		7B0361FF539670E0F21B3965 /* Pods */ = {
			isa = PBXGroup;
			children = (
				6F2C89A76D73302BD95E7E4E /* Pods-TraceStatisticsKit.debug.xcconfig */,
				2F8651B558FDFC0F4E5D1856 /* Pods-TraceStatisticsKit.release.xcconfig */,
				3A0933FEAC3C8BBED07A11B3 /* Pods-TraceStatisticsKitTests.debug.xcconfig */,
				835C61E38DD4863DA841D44C /* Pods-TraceStatisticsKitTests.release.xcconfig */,
				DB6DC4C5C94549E273F54455 /* Pods-TraceStatisticsKitUITests.debug.xcconfig */,
				AF2FD1DAC538404D3F5E800C /* Pods-TraceStatisticsKitUITests.release.xcconfig */,
			);
			name = Pods;
			sourceTree = "<group>";
		};
/* End PBXGroup section */

/* Begin PBXNativeTarget section */
		011060561FF3375900649178 /* TraceStatisticsKit */ = {
			isa = PBXNativeTarget;
			buildConfigurationList = 011060831FF3375900649178 /* Build configuration list for PBXNativeTarget "TraceStatisticsKit" */;
			buildPhases = (
				7053C810A6E918DD72227020 /* [CP] Check Pods Manifest.lock */,
				011060531FF3375900649178 /* Sources */,
				011060541FF3375900649178 /* Frameworks */,
				011060551FF3375900649178 /* Resources */,
				723F8C95B685109441A8FE63 /* [CP] Embed Pods Frameworks */,
				54B8CD61E06AA2642D06FB90 /* [CP] Copy Pods Resources */,
			);
			buildRules = (
			);
			dependencies = (
			);
			name = TraceStatisticsKit;
			productName = TraceStatisticsKit;
			productReference = 011060571FF3375900649178 /* TraceStatisticsKit.app */;
			productType = "com.apple.product-type.application";
		};
		0110606E1FF3375900649178 /* TraceStatisticsKitTests */ = {
			isa = PBXNativeTarget;
			buildConfigurationList = 011060861FF3375900649178 /* Build configuration list for PBXNativeTarget "TraceStatisticsKitTests" */;
			buildPhases = (
				EE5BA2B0C9C27245BC014934 /* [CP] Check Pods Manifest.lock */,
				0110606B1FF3375900649178 /* Sources */,
				0110606C1FF3375900649178 /* Frameworks */,
				0110606D1FF3375900649178 /* Resources */,
				5B5EE4553BEE1CA7CB867D41 /* [CP] Embed Pods Frameworks */,
				383FF86E826AD9DCBD85DA19 /* [CP] Copy Pods Resources */,
			);
			buildRules = (
			);
			dependencies = (
				011060711FF3375900649178 /* PBXTargetDependency */,
			);
			name = TraceStatisticsKitTests;
			productName = TraceStatisticsKitTests;
			productReference = 0110606F1FF3375900649178 /* TraceStatisticsKitTests.xctest */;
			productType = "com.apple.product-type.bundle.unit-test";
		};
		011060791FF3375900649178 /* TraceStatisticsKitUITests */ = {
			isa = PBXNativeTarget;
			buildConfigurationList = 011060891FF3375900649178 /* Build configuration list for PBXNativeTarget "TraceStatisticsKitUITests" */;
			buildPhases = (
				CDF9335AC7262B1809BC82C0 /* [CP] Check Pods Manifest.lock */,
				011060761FF3375900649178 /* Sources */,
				011060771FF3375900649178 /* Frameworks */,
				011060781FF3375900649178 /* Resources */,
				5FF702F168AC0BC586A7A836 /* [CP] Embed Pods Frameworks */,
				1CBE7719EB9796895AEF9D53 /* [CP] Copy Pods Resources */,
			);
			buildRules = (
			);
			dependencies = (
				0110607C1FF3375900649178 /* PBXTargetDependency */,
			);
			name = TraceStatisticsKitUITests;
			productName = TraceStatisticsKitUITests;
			productReference = 0110607A1FF3375900649178 /* TraceStatisticsKitUITests.xctest */;
			productType = "com.apple.product-type.bundle.ui-testing";
		};
/* End PBXNativeTarget section */

/* Begin PBXProject section */
		0110604F1FF3375900649178 /* Project object */ = {
			isa = PBXProject;
			attributes = {
				LastUpgradeCheck = 0920;
				ORGANIZATIONNAME = "kris'Liu";
				TargetAttributes = {
					011060561FF3375900649178 = {
						CreatedOnToolsVersion = 9.2;
						LastSwiftMigration = 0920;
						ProvisioningStyle = Automatic;
					};
					0110606E1FF3375900649178 = {
						CreatedOnToolsVersion = 9.2;
						ProvisioningStyle = Automatic;
						TestTargetID = 011060561FF3375900649178;
					};
					011060791FF3375900649178 = {
						CreatedOnToolsVersion = 9.2;
						ProvisioningStyle = Automatic;
						TestTargetID = 011060561FF3375900649178;
					};
				};
			};
			buildConfigurationList = 011060521FF3375900649178 /* Build configuration list for PBXProject "TraceStatisticsKit" */;
			compatibilityVersion = "Xcode 8.0";
			developmentRegion = en;
			hasScannedForEncodings = 0;
			knownRegions = (
				en,
				Base,
			);
			mainGroup = 0110604E1FF3375900649178;
			productRefGroup = 011060581FF3375900649178 /* Products */;
			projectDirPath = "";
			projectRoot = "";
			targets = (
				011060561FF3375900649178 /* TraceStatisticsKit */,
				0110606E1FF3375900649178 /* TraceStatisticsKitTests */,
				011060791FF3375900649178 /* TraceStatisticsKitUITests */,
			);
		};
/* End PBXProject section */

/* Begin PBXResourcesBuildPhase section */
		011060551FF3375900649178 /* Resources */ = {
			isa = PBXResourcesBuildPhase;
			buildActionMask = 2147483647;
			files = (
				011060B01FF47CEA00649178 /* ConfigureStatistics.plist in Resources */,
				011060671FF3375900649178 /* LaunchScreen.storyboard in Resources */,
				01122FE11FFC7E790043796C /* WebTestViewController.xib in Resources */,
				0112300A1FFE07530043796C /* StatisticsConfigure.json in Resources */,
				011060641FF3375900649178 /* Assets.xcassets in Resources */,
				011060621FF3375900649178 /* Main.storyboard in Resources */,
			);
			runOnlyForDeploymentPostprocessing = 0;
		};
		0110606D1FF3375900649178 /* Resources */ = {
			isa = PBXResourcesBuildPhase;
			buildActionMask = 2147483647;
			files = (
			);
			runOnlyForDeploymentPostprocessing = 0;
		};
		011060781FF3375900649178 /* Resources */ = {
			isa = PBXResourcesBuildPhase;
			buildActionMask = 2147483647;
			files = (
			);
			runOnlyForDeploymentPostprocessing = 0;
		};
/* End PBXResourcesBuildPhase section */

/* Begin PBXShellScriptBuildPhase section */
		1CBE7719EB9796895AEF9D53 /* [CP] Copy Pods Resources */ = {
			isa = PBXShellScriptBuildPhase;
			buildActionMask = 2147483647;
			files = (
			);
			inputPaths = (
			);
			name = "[CP] Copy Pods Resources";
			outputPaths = (
			);
			runOnlyForDeploymentPostprocessing = 0;
			shellPath = /bin/sh;
			shellScript = "\"${SRCROOT}/Pods/Target Support Files/Pods-TraceStatisticsKitUITests/Pods-TraceStatisticsKitUITests-resources.sh\"\n";
			showEnvVarsInLog = 0;
		};
		383FF86E826AD9DCBD85DA19 /* [CP] Copy Pods Resources */ = {
			isa = PBXShellScriptBuildPhase;
			buildActionMask = 2147483647;
			files = (
			);
			inputPaths = (
			);
			name = "[CP] Copy Pods Resources";
			outputPaths = (
			);
			runOnlyForDeploymentPostprocessing = 0;
			shellPath = /bin/sh;
			shellScript = "\"${SRCROOT}/Pods/Target Support Files/Pods-TraceStatisticsKitTests/Pods-TraceStatisticsKitTests-resources.sh\"\n";
			showEnvVarsInLog = 0;
		};
		54B8CD61E06AA2642D06FB90 /* [CP] Copy Pods Resources */ = {
			isa = PBXShellScriptBuildPhase;
			buildActionMask = 2147483647;
			files = (
			);
			inputPaths = (
			);
			name = "[CP] Copy Pods Resources";
			outputPaths = (
			);
			runOnlyForDeploymentPostprocessing = 0;
			shellPath = /bin/sh;
			shellScript = "\"${SRCROOT}/Pods/Target Support Files/Pods-TraceStatisticsKit/Pods-TraceStatisticsKit-resources.sh\"\n";
			showEnvVarsInLog = 0;
		};
		5B5EE4553BEE1CA7CB867D41 /* [CP] Embed Pods Frameworks */ = {
			isa = PBXShellScriptBuildPhase;
			buildActionMask = 2147483647;
			files = (
			);
			inputPaths = (
			);
			name = "[CP] Embed Pods Frameworks";
			outputPaths = (
			);
			runOnlyForDeploymentPostprocessing = 0;
			shellPath = /bin/sh;
			shellScript = "\"${SRCROOT}/Pods/Target Support Files/Pods-TraceStatisticsKitTests/Pods-TraceStatisticsKitTests-frameworks.sh\"\n";
			showEnvVarsInLog = 0;
		};
		5FF702F168AC0BC586A7A836 /* [CP] Embed Pods Frameworks */ = {
			isa = PBXShellScriptBuildPhase;
			buildActionMask = 2147483647;
			files = (
			);
			inputPaths = (
			);
			name = "[CP] Embed Pods Frameworks";
			outputPaths = (
			);
			runOnlyForDeploymentPostprocessing = 0;
			shellPath = /bin/sh;
			shellScript = "\"${SRCROOT}/Pods/Target Support Files/Pods-TraceStatisticsKitUITests/Pods-TraceStatisticsKitUITests-frameworks.sh\"\n";
			showEnvVarsInLog = 0;
		};
		7053C810A6E918DD72227020 /* [CP] Check Pods Manifest.lock */ = {
			isa = PBXShellScriptBuildPhase;
			buildActionMask = 2147483647;
			files = (
			);
			inputPaths = (
				"${PODS_PODFILE_DIR_PATH}/Podfile.lock",
				"${PODS_ROOT}/Manifest.lock",
			);
			name = "[CP] Check Pods Manifest.lock";
			outputPaths = (
				"$(DERIVED_FILE_DIR)/Pods-TraceStatisticsKit-checkManifestLockResult.txt",
			);
			runOnlyForDeploymentPostprocessing = 0;
			shellPath = /bin/sh;
			shellScript = "diff \"${PODS_PODFILE_DIR_PATH}/Podfile.lock\" \"${PODS_ROOT}/Manifest.lock\" > /dev/null\nif [ $? != 0 ] ; then\n    # print error to STDERR\n    echo \"error: The sandbox is not in sync with the Podfile.lock. Run 'pod install' or update your CocoaPods installation.\" >&2\n    exit 1\nfi\n# This output is used by Xcode 'outputs' to avoid re-running this script phase.\necho \"SUCCESS\" > \"${SCRIPT_OUTPUT_FILE_0}\"\n";
			showEnvVarsInLog = 0;
		};
		723F8C95B685109441A8FE63 /* [CP] Embed Pods Frameworks */ = {
			isa = PBXShellScriptBuildPhase;
			buildActionMask = 2147483647;
			files = (
			);
			inputPaths = (
				"${SRCROOT}/Pods/Target Support Files/Pods-TraceStatisticsKit/Pods-TraceStatisticsKit-frameworks.sh",
				"${BUILT_PRODUCTS_DIR}/UICKeyChainStore/UICKeyChainStore.framework",
			);
			name = "[CP] Embed Pods Frameworks";
			outputPaths = (
				"${TARGET_BUILD_DIR}/${FRAMEWORKS_FOLDER_PATH}/UICKeyChainStore.framework",
			);
			runOnlyForDeploymentPostprocessing = 0;
			shellPath = /bin/sh;
			shellScript = "\"${SRCROOT}/Pods/Target Support Files/Pods-TraceStatisticsKit/Pods-TraceStatisticsKit-frameworks.sh\"\n";
			showEnvVarsInLog = 0;
		};
		CDF9335AC7262B1809BC82C0 /* [CP] Check Pods Manifest.lock */ = {
			isa = PBXShellScriptBuildPhase;
			buildActionMask = 2147483647;
			files = (
			);
			inputPaths = (
				"${PODS_PODFILE_DIR_PATH}/Podfile.lock",
				"${PODS_ROOT}/Manifest.lock",
			);
			name = "[CP] Check Pods Manifest.lock";
			outputPaths = (
				"$(DERIVED_FILE_DIR)/Pods-TraceStatisticsKitUITests-checkManifestLockResult.txt",
			);
			runOnlyForDeploymentPostprocessing = 0;
			shellPath = /bin/sh;
			shellScript = "diff \"${PODS_PODFILE_DIR_PATH}/Podfile.lock\" \"${PODS_ROOT}/Manifest.lock\" > /dev/null\nif [ $? != 0 ] ; then\n    # print error to STDERR\n    echo \"error: The sandbox is not in sync with the Podfile.lock. Run 'pod install' or update your CocoaPods installation.\" >&2\n    exit 1\nfi\n# This output is used by Xcode 'outputs' to avoid re-running this script phase.\necho \"SUCCESS\" > \"${SCRIPT_OUTPUT_FILE_0}\"\n";
			showEnvVarsInLog = 0;
		};
		EE5BA2B0C9C27245BC014934 /* [CP] Check Pods Manifest.lock */ = {
			isa = PBXShellScriptBuildPhase;
			buildActionMask = 2147483647;
			files = (
			);
			inputPaths = (
				"${PODS_PODFILE_DIR_PATH}/Podfile.lock",
				"${PODS_ROOT}/Manifest.lock",
			);
			name = "[CP] Check Pods Manifest.lock";
			outputPaths = (
				"$(DERIVED_FILE_DIR)/Pods-TraceStatisticsKitTests-checkManifestLockResult.txt",
			);
			runOnlyForDeploymentPostprocessing = 0;
			shellPath = /bin/sh;
			shellScript = "diff \"${PODS_PODFILE_DIR_PATH}/Podfile.lock\" \"${PODS_ROOT}/Manifest.lock\" > /dev/null\nif [ $? != 0 ] ; then\n    # print error to STDERR\n    echo \"error: The sandbox is not in sync with the Podfile.lock. Run 'pod install' or update your CocoaPods installation.\" >&2\n    exit 1\nfi\n# This output is used by Xcode 'outputs' to avoid re-running this script phase.\necho \"SUCCESS\" > \"${SCRIPT_OUTPUT_FILE_0}\"\n";
			showEnvVarsInLog = 0;
		};
/* End PBXShellScriptBuildPhase section */

/* Begin PBXSourcesBuildPhase section */
		011060531FF3375900649178 /* Sources */ = {
			isa = PBXSourcesBuildPhase;
			buildActionMask = 2147483647;
			files = (
				011060B91FF6248900649178 /* ChunkUploadModel.m in Sources */,
				01122FE81FFCB8470043796C /* UINavigationController+hookBarItem.m in Sources */,
				01122FC71FFC72DC0043796C /* FilterEvent.m in Sources */,
				01122FD51FFC7C910043796C /* UIViewController+VCStatistics.m in Sources */,
				01122FE01FFC7E790043796C /* WebTestViewController.m in Sources */,
				011230051FFDCAC20043796C /* UncaughtExceptionHandler.m in Sources */,
				0110605F1FF3375900649178 /* ViewController.m in Sources */,
				011060A51FF3840F00649178 /* AppInfo.m in Sources */,
				011230021FFDB71A0043796C /* DeviceInfo.m in Sources */,
				011060A01FF3789C00649178 /* BNTraceStatistics.m in Sources */,
				0112300D1FFE11600043796C /* CustomClassHook.m in Sources */,
				0110606A1FF3375900649178 /* main.m in Sources */,
				011060B61FF4C48700649178 /* StatisticsDataUpload.m in Sources */,
				01122FD41FFC7C910043796C /* UIApplication+Event.m in Sources */,
				0110605C1FF3375900649178 /* AppDelegate.m in Sources */,
				011230081FFDCC750043796C /* CrashLog.m in Sources */,
				01122FEB1FFCCCAB0043796C /* UIGestureRecognizer+GestureHook.m in Sources */,
				01122FD61FFC7C910043796C /* HookTool.m in Sources */,
				01122FF31FFCDDD90043796C /* EventModel.m in Sources */,
				01122FE41FFC7F150043796C /* UIWebView+webViewLoad.m in Sources */,
				01122FFB1FFCF50F0043796C /* PAirSandbox.m in Sources */,
				011060AE1FF39BEC00649178 /* EventInfo.m in Sources */,
				011060B31FF47D5800649178 /* StatisticsCacheManager.m in Sources */,
			);
			runOnlyForDeploymentPostprocessing = 0;
		};
		0110606B1FF3375900649178 /* Sources */ = {
			isa = PBXSourcesBuildPhase;
			buildActionMask = 2147483647;
			files = (
				011060741FF3375900649178 /* TraceStatisticsKitTests.m in Sources */,
			);
			runOnlyForDeploymentPostprocessing = 0;
		};
		011060761FF3375900649178 /* Sources */ = {
			isa = PBXSourcesBuildPhase;
			buildActionMask = 2147483647;
			files = (
				0110607F1FF3375900649178 /* TraceStatisticsKitUITests.m in Sources */,
			);
			runOnlyForDeploymentPostprocessing = 0;
		};
/* End PBXSourcesBuildPhase section */

/* Begin PBXTargetDependency section */
		011060711FF3375900649178 /* PBXTargetDependency */ = {
			isa = PBXTargetDependency;
			target = 011060561FF3375900649178 /* TraceStatisticsKit */;
			targetProxy = 011060701FF3375900649178 /* PBXContainerItemProxy */;
		};
		0110607C1FF3375900649178 /* PBXTargetDependency */ = {
			isa = PBXTargetDependency;
			target = 011060561FF3375900649178 /* TraceStatisticsKit */;
			targetProxy = 0110607B1FF3375900649178 /* PBXContainerItemProxy */;
		};
/* End PBXTargetDependency section */

/* Begin PBXVariantGroup section */
		011060601FF3375900649178 /* Main.storyboard */ = {
			isa = PBXVariantGroup;
			children = (
				011060611FF3375900649178 /* Base */,
			);
			name = Main.storyboard;
			sourceTree = "<group>";
		};
		011060651FF3375900649178 /* LaunchScreen.storyboard */ = {
			isa = PBXVariantGroup;
			children = (
				011060661FF3375900649178 /* Base */,
			);
			name = LaunchScreen.storyboard;
			sourceTree = "<group>";
		};
/* End PBXVariantGroup section */

/* Begin XCBuildConfiguration section */
		011060811FF3375900649178 /* Debug */ = {
			isa = XCBuildConfiguration;
			buildSettings = {
				ALWAYS_SEARCH_USER_PATHS = NO;
				CLANG_ANALYZER_NONNULL = YES;
				CLANG_ANALYZER_NUMBER_OBJECT_CONVERSION = YES_AGGRESSIVE;
				CLANG_CXX_LANGUAGE_STANDARD = "gnu++14";
				CLANG_CXX_LIBRARY = "libc++";
				CLANG_ENABLE_MODULES = YES;
				CLANG_ENABLE_OBJC_ARC = YES;
				CLANG_WARN_BLOCK_CAPTURE_AUTORELEASING = YES;
				CLANG_WARN_BOOL_CONVERSION = YES;
				CLANG_WARN_COMMA = YES;
				CLANG_WARN_CONSTANT_CONVERSION = YES;
				CLANG_WARN_DIRECT_OBJC_ISA_USAGE = YES_ERROR;
				CLANG_WARN_DOCUMENTATION_COMMENTS = YES;
				CLANG_WARN_EMPTY_BODY = YES;
				CLANG_WARN_ENUM_CONVERSION = YES;
				CLANG_WARN_INFINITE_RECURSION = YES;
				CLANG_WARN_INT_CONVERSION = YES;
				CLANG_WARN_NON_LITERAL_NULL_CONVERSION = YES;
				CLANG_WARN_OBJC_LITERAL_CONVERSION = YES;
				CLANG_WARN_OBJC_ROOT_CLASS = YES_ERROR;
				CLANG_WARN_RANGE_LOOP_ANALYSIS = YES;
				CLANG_WARN_STRICT_PROTOTYPES = YES;
				CLANG_WARN_SUSPICIOUS_MOVE = YES;
				CLANG_WARN_UNGUARDED_AVAILABILITY = YES_AGGRESSIVE;
				CLANG_WARN_UNREACHABLE_CODE = YES;
				CLANG_WARN__DUPLICATE_METHOD_MATCH = YES;
				CODE_SIGN_IDENTITY = "iPhone Developer";
				COPY_PHASE_STRIP = NO;
				DEBUG_INFORMATION_FORMAT = dwarf;
				DEFINES_MODULE = YES;
				ENABLE_STRICT_OBJC_MSGSEND = YES;
				ENABLE_TESTABILITY = YES;
				GCC_C_LANGUAGE_STANDARD = gnu11;
				GCC_DYNAMIC_NO_PIC = NO;
				GCC_NO_COMMON_BLOCKS = YES;
				GCC_OPTIMIZATION_LEVEL = 0;
				GCC_PREPROCESSOR_DEFINITIONS = (
					"DEBUG=1",
					"$(inherited)",
				);
				GCC_WARN_64_TO_32_BIT_CONVERSION = YES;
				GCC_WARN_ABOUT_RETURN_TYPE = YES_ERROR;
				GCC_WARN_UNDECLARED_SELECTOR = YES;
				GCC_WARN_UNINITIALIZED_AUTOS = YES_AGGRESSIVE;
				GCC_WARN_UNUSED_FUNCTION = YES;
				GCC_WARN_UNUSED_VARIABLE = YES;
				IPHONEOS_DEPLOYMENT_TARGET = 11.2;
				MTL_ENABLE_DEBUG_INFO = YES;
				ONLY_ACTIVE_ARCH = YES;
				SDKROOT = iphoneos;
			};
			name = Debug;
		};
		011060821FF3375900649178 /* Release */ = {
			isa = XCBuildConfiguration;
			buildSettings = {
				ALWAYS_SEARCH_USER_PATHS = NO;
				CLANG_ANALYZER_NONNULL = YES;
				CLANG_ANALYZER_NUMBER_OBJECT_CONVERSION = YES_AGGRESSIVE;
				CLANG_CXX_LANGUAGE_STANDARD = "gnu++14";
				CLANG_CXX_LIBRARY = "libc++";
				CLANG_ENABLE_MODULES = YES;
				CLANG_ENABLE_OBJC_ARC = YES;
				CLANG_WARN_BLOCK_CAPTURE_AUTORELEASING = YES;
				CLANG_WARN_BOOL_CONVERSION = YES;
				CLANG_WARN_COMMA = YES;
				CLANG_WARN_CONSTANT_CONVERSION = YES;
				CLANG_WARN_DIRECT_OBJC_ISA_USAGE = YES_ERROR;
				CLANG_WARN_DOCUMENTATION_COMMENTS = YES;
				CLANG_WARN_EMPTY_BODY = YES;
				CLANG_WARN_ENUM_CONVERSION = YES;
				CLANG_WARN_INFINITE_RECURSION = YES;
				CLANG_WARN_INT_CONVERSION = YES;
				CLANG_WARN_NON_LITERAL_NULL_CONVERSION = YES;
				CLANG_WARN_OBJC_LITERAL_CONVERSION = YES;
				CLANG_WARN_OBJC_ROOT_CLASS = YES_ERROR;
				CLANG_WARN_RANGE_LOOP_ANALYSIS = YES;
				CLANG_WARN_STRICT_PROTOTYPES = YES;
				CLANG_WARN_SUSPICIOUS_MOVE = YES;
				CLANG_WARN_UNGUARDED_AVAILABILITY = YES_AGGRESSIVE;
				CLANG_WARN_UNREACHABLE_CODE = YES;
				CLANG_WARN__DUPLICATE_METHOD_MATCH = YES;
				CODE_SIGN_IDENTITY = "iPhone Developer";
				COPY_PHASE_STRIP = NO;
				DEBUG_INFORMATION_FORMAT = "dwarf-with-dsym";
				DEFINES_MODULE = YES;
				ENABLE_NS_ASSERTIONS = NO;
				ENABLE_STRICT_OBJC_MSGSEND = YES;
				GCC_C_LANGUAGE_STANDARD = gnu11;
				GCC_NO_COMMON_BLOCKS = YES;
				GCC_WARN_64_TO_32_BIT_CONVERSION = YES;
				GCC_WARN_ABOUT_RETURN_TYPE = YES_ERROR;
				GCC_WARN_UNDECLARED_SELECTOR = YES;
				GCC_WARN_UNINITIALIZED_AUTOS = YES_AGGRESSIVE;
				GCC_WARN_UNUSED_FUNCTION = YES;
				GCC_WARN_UNUSED_VARIABLE = YES;
				IPHONEOS_DEPLOYMENT_TARGET = 11.2;
				MTL_ENABLE_DEBUG_INFO = NO;
				SDKROOT = iphoneos;
				VALIDATE_PRODUCT = YES;
			};
			name = Release;
		};
		011060841FF3375900649178 /* Debug */ = {
			isa = XCBuildConfiguration;
			baseConfigurationReference = 6F2C89A76D73302BD95E7E4E /* Pods-TraceStatisticsKit.debug.xcconfig */;
			buildSettings = {
				ASSETCATALOG_COMPILER_APPICON_NAME = AppIcon;
				CLANG_ENABLE_MODULES = YES;
				CODE_SIGN_STYLE = Automatic;
				DEFINES_MODULE = YES;
				DEVELOPMENT_TEAM = CX9244259Y;
				GCC_C_LANGUAGE_STANDARD = gnu11;
				INFOPLIST_FILE = TraceStatisticsKit/Info.plist;
				IPHONEOS_DEPLOYMENT_TARGET = 9.3;
				LD_RUNPATH_SEARCH_PATHS = "$(inherited) @executable_path/Frameworks";
				PRODUCT_BUNDLE_IDENTIFIER = com.feng.test.1.TraceStatisticsKit;
				PRODUCT_MODULE_NAME = TraceStatisticsKit;
				PRODUCT_NAME = TraceStatisticsKit;
				SWIFT_OBJC_BRIDGING_HEADER = "TraceStatisticsKit/TraceStatisticsKit-Bridging-Header.h";
				SWIFT_OPTIMIZATION_LEVEL = "-Onone";
				SWIFT_VERSION = 3.0;
				TARGETED_DEVICE_FAMILY = "1,2";
			};
			name = Debug;
		};
		011060851FF3375900649178 /* Release */ = {
			isa = XCBuildConfiguration;
			baseConfigurationReference = 2F8651B558FDFC0F4E5D1856 /* Pods-TraceStatisticsKit.release.xcconfig */;
			buildSettings = {
				ASSETCATALOG_COMPILER_APPICON_NAME = AppIcon;
				CLANG_ENABLE_MODULES = YES;
				CODE_SIGN_STYLE = Automatic;
				DEFINES_MODULE = YES;
				DEVELOPMENT_TEAM = CX9244259Y;
				GCC_C_LANGUAGE_STANDARD = gnu11;
				INFOPLIST_FILE = TraceStatisticsKit/Info.plist;
				IPHONEOS_DEPLOYMENT_TARGET = 9.3;
				LD_RUNPATH_SEARCH_PATHS = "$(inherited) @executable_path/Frameworks";
				PRODUCT_BUNDLE_IDENTIFIER = com.feng.test.1.TraceStatisticsKit;
				PRODUCT_MODULE_NAME = TraceStatisticsKit;
				PRODUCT_NAME = TraceStatisticsKit;
				SWIFT_OBJC_BRIDGING_HEADER = "TraceStatisticsKit/TraceStatisticsKit-Bridging-Header.h";
				SWIFT_VERSION = 3.0;
				TARGETED_DEVICE_FAMILY = "1,2";
			};
			name = Release;
		};
		011060871FF3375900649178 /* Debug */ = {
			isa = XCBuildConfiguration;
			baseConfigurationReference = 3A0933FEAC3C8BBED07A11B3 /* Pods-TraceStatisticsKitTests.debug.xcconfig */;
			buildSettings = {
				BUNDLE_LOADER = "$(TEST_HOST)";
				CODE_SIGN_STYLE = Automatic;
				DEVELOPMENT_TEAM = CX9244259Y;
				INFOPLIST_FILE = TraceStatisticsKitTests/Info.plist;
				LD_RUNPATH_SEARCH_PATHS = "$(inherited) @executable_path/Frameworks @loader_path/Frameworks";
				PRODUCT_BUNDLE_IDENTIFIER = com.feng.test.1.TraceStatisticsKitTests;
				PRODUCT_NAME = "$(TARGET_NAME)";
				TARGETED_DEVICE_FAMILY = "1,2";
				TEST_HOST = "$(BUILT_PRODUCTS_DIR)/TraceStatisticsKit.app/TraceStatisticsKit";
			};
			name = Debug;
		};
		011060881FF3375900649178 /* Release */ = {
			isa = XCBuildConfiguration;
			baseConfigurationReference = 835C61E38DD4863DA841D44C /* Pods-TraceStatisticsKitTests.release.xcconfig */;
			buildSettings = {
				BUNDLE_LOADER = "$(TEST_HOST)";
				CODE_SIGN_STYLE = Automatic;
				DEVELOPMENT_TEAM = CX9244259Y;
				INFOPLIST_FILE = TraceStatisticsKitTests/Info.plist;
				LD_RUNPATH_SEARCH_PATHS = "$(inherited) @executable_path/Frameworks @loader_path/Frameworks";
				PRODUCT_BUNDLE_IDENTIFIER = com.feng.test.1.TraceStatisticsKitTests;
				PRODUCT_NAME = "$(TARGET_NAME)";
				TARGETED_DEVICE_FAMILY = "1,2";
				TEST_HOST = "$(BUILT_PRODUCTS_DIR)/TraceStatisticsKit.app/TraceStatisticsKit";
			};
			name = Release;
		};
		0110608A1FF3375900649178 /* Debug */ = {
			isa = XCBuildConfiguration;
			baseConfigurationReference = DB6DC4C5C94549E273F54455 /* Pods-TraceStatisticsKitUITests.debug.xcconfig */;
			buildSettings = {
				CODE_SIGN_STYLE = Automatic;
				DEVELOPMENT_TEAM = CX9244259Y;
				INFOPLIST_FILE = TraceStatisticsKitUITests/Info.plist;
				LD_RUNPATH_SEARCH_PATHS = "$(inherited) @executable_path/Frameworks @loader_path/Frameworks";
				PRODUCT_BUNDLE_IDENTIFIER = com.feng.test.1.TraceStatisticsKitUITests;
				PRODUCT_NAME = "$(TARGET_NAME)";
				TARGETED_DEVICE_FAMILY = "1,2";
				TEST_TARGET_NAME = TraceStatisticsKit;
			};
			name = Debug;
		};
		0110608B1FF3375900649178 /* Release */ = {
			isa = XCBuildConfiguration;
			baseConfigurationReference = AF2FD1DAC538404D3F5E800C /* Pods-TraceStatisticsKitUITests.release.xcconfig */;
			buildSettings = {
				CODE_SIGN_STYLE = Automatic;
				DEVELOPMENT_TEAM = CX9244259Y;
				INFOPLIST_FILE = TraceStatisticsKitUITests/Info.plist;
				LD_RUNPATH_SEARCH_PATHS = "$(inherited) @executable_path/Frameworks @loader_path/Frameworks";
				PRODUCT_BUNDLE_IDENTIFIER = com.feng.test.1.TraceStatisticsKitUITests;
				PRODUCT_NAME = "$(TARGET_NAME)";
				TARGETED_DEVICE_FAMILY = "1,2";
				TEST_TARGET_NAME = TraceStatisticsKit;
			};
			name = Release;
		};
/* End XCBuildConfiguration section */

/* Begin XCConfigurationList section */
		011060521FF3375900649178 /* Build configuration list for PBXProject "TraceStatisticsKit" */ = {
			isa = XCConfigurationList;
			buildConfigurations = (
				011060811FF3375900649178 /* Debug */,
				011060821FF3375900649178 /* Release */,
			);
			defaultConfigurationIsVisible = 0;
			defaultConfigurationName = Release;
		};
		011060831FF3375900649178 /* Build configuration list for PBXNativeTarget "TraceStatisticsKit" */ = {
			isa = XCConfigurationList;
			buildConfigurations = (
				011060841FF3375900649178 /* Debug */,
				011060851FF3375900649178 /* Release */,
			);
			defaultConfigurationIsVisible = 0;
			defaultConfigurationName = Release;
		};
		011060861FF3375900649178 /* Build configuration list for PBXNativeTarget "TraceStatisticsKitTests" */ = {
			isa = XCConfigurationList;
			buildConfigurations = (
				011060871FF3375900649178 /* Debug */,
				011060881FF3375900649178 /* Release */,
			);
			defaultConfigurationIsVisible = 0;
			defaultConfigurationName = Release;
		};
		011060891FF3375900649178 /* Build configuration list for PBXNativeTarget "TraceStatisticsKitUITests" */ = {
			isa = XCConfigurationList;
			buildConfigurations = (
				0110608A1FF3375900649178 /* Debug */,
				0110608B1FF3375900649178 /* Release */,
			);
			defaultConfigurationIsVisible = 0;
			defaultConfigurationName = Release;
		};
/* End XCConfigurationList section */
	};
	rootObject = 0110604F1FF3375900649178 /* Project object */;
}
